// !$*UTF8*$!
{
	archiveVersion = 1;
	classes = {
	};
	objectVersion = 56;
	objects = {

/* Begin PBXBuildFile section */
		F828092129BA599500613CAE /* AppDelegate.swift in Sources */ = {isa = PBXBuildFile; fileRef = F828092029BA599500613CAE /* AppDelegate.swift */; };
		F828092329BA599500613CAE /* SceneDelegate.swift in Sources */ = {isa = PBXBuildFile; fileRef = F828092229BA599500613CAE /* SceneDelegate.swift */; };
		F828092529BA599500613CAE /* ViewController.swift in Sources */ = {isa = PBXBuildFile; fileRef = F828092429BA599500613CAE /* ViewController.swift */; };
		F828092829BA599500613CAE /* Main.storyboard in Resources */ = {isa = PBXBuildFile; fileRef = F828092629BA599500613CAE /* Main.storyboard */; };
		F828092A29BA599800613CAE /* Assets.xcassets in Resources */ = {isa = PBXBuildFile; fileRef = F828092929BA599800613CAE /* Assets.xcassets */; };
		F828092D29BA599800613CAE /* LaunchScreen.storyboard in Resources */ = {isa = PBXBuildFile; fileRef = F828092B29BA599800613CAE /* LaunchScreen.storyboard */; };
		F828093829BA599800613CAE /* lab06_101303158Tests.swift in Sources */ = {isa = PBXBuildFile; fileRef = F828093729BA599800613CAE /* lab06_101303158Tests.swift */; };
		F828094229BA599800613CAE /* lab06_101303158UITests.swift in Sources */ = {isa = PBXBuildFile; fileRef = F828094129BA599800613CAE /* lab06_101303158UITests.swift */; };
		F828094429BA599800613CAE /* lab06_101303158UITestsLaunchTests.swift in Sources */ = {isa = PBXBuildFile; fileRef = F828094329BA599800613CAE /* lab06_101303158UITestsLaunchTests.swift */; };
/* End PBXBuildFile section */

/* Begin PBXContainerItemProxy section */
		F828093429BA599800613CAE /* PBXContainerItemProxy */ = {
			isa = PBXContainerItemProxy;
			containerPortal = F828091529BA599500613CAE /* Project object */;
			proxyType = 1;
			remoteGlobalIDString = F828091C29BA599500613CAE;
			remoteInfo = lab06_101303158;
		};
		F828093E29BA599800613CAE /* PBXContainerItemProxy */ = {
			isa = PBXContainerItemProxy;
			containerPortal = F828091529BA599500613CAE /* Project object */;
			proxyType = 1;
			remoteGlobalIDString = F828091C29BA599500613CAE;
			remoteInfo = lab06_101303158;
		};
/* End PBXContainerItemProxy section */

/* Begin PBXFileReference section */
		F828091D29BA599500613CAE /* lab06_101303158.app */ = {isa = PBXFileReference; explicitFileType = wrapper.application; includeInIndex = 0; path = lab06_101303158.app; sourceTree = BUILT_PRODUCTS_DIR; };
		F828092029BA599500613CAE /* AppDelegate.swift */ = {isa = PBXFileReference; lastKnownFileType = sourcecode.swift; path = AppDelegate.swift; sourceTree = "<group>"; };
		F828092229BA599500613CAE /* SceneDelegate.swift */ = {isa = PBXFileReference; lastKnownFileType = sourcecode.swift; path = SceneDelegate.swift; sourceTree = "<group>"; };
		F828092429BA599500613CAE /* ViewController.swift */ = {isa = PBXFileReference; lastKnownFileType = sourcecode.swift; path = ViewController.swift; sourceTree = "<group>"; };
		F828092729BA599500613CAE /* Base */ = {isa = PBXFileReference; lastKnownFileType = file.storyboard; name = Base; path = Base.lproj/Main.storyboard; sourceTree = "<group>"; };
		F828092929BA599800613CAE /* Assets.xcassets */ = {isa = PBXFileReference; lastKnownFileType = folder.assetcatalog; path = Assets.xcassets; sourceTree = "<group>"; };
		F828092C29BA599800613CAE /* Base */ = {isa = PBXFileReference; lastKnownFileType = file.storyboard; name = Base; path = Base.lproj/LaunchScreen.storyboard; sourceTree = "<group>"; };
		F828092E29BA599800613CAE /* Info.plist */ = {isa = PBXFileReference; lastKnownFileType = text.plist.xml; path = Info.plist; sourceTree = "<group>"; };
		F828093329BA599800613CAE /* lab06_101303158Tests.xctest */ = {isa = PBXFileReference; explicitFileType = wrapper.cfbundle; includeInIndex = 0; path = lab06_101303158Tests.xctest; sourceTree = BUILT_PRODUCTS_DIR; };
		F828093729BA599800613CAE /* lab06_101303158Tests.swift */ = {isa = PBXFileReference; lastKnownFileType = sourcecode.swift; path = lab06_101303158Tests.swift; sourceTree = "<group>"; };
		F828093D29BA599800613CAE /* lab06_101303158UITests.xctest */ = {isa = PBXFileReference; explicitFileType = wrapper.cfbundle; includeInIndex = 0; path = lab06_101303158UITests.xctest; sourceTree = BUILT_PRODUCTS_DIR; };
		F828094129BA599800613CAE /* lab06_101303158UITests.swift */ = {isa = PBXFileReference; lastKnownFileType = sourcecode.swift; path = lab06_101303158UITests.swift; sourceTree = "<group>"; };
		F828094329BA599800613CAE /* lab06_101303158UITestsLaunchTests.swift */ = {isa = PBXFileReference; lastKnownFileType = sourcecode.swift; path = lab06_101303158UITestsLaunchTests.swift; sourceTree = "<group>"; };
/* End PBXFileReference section */

/* Begin PBXFrameworksBuildPhase section */
		F828091A29BA599500613CAE /* Frameworks */ = {
			isa = PBXFrameworksBuildPhase;
			buildActionMask = 2147483647;
			files = (
			);
			runOnlyForDeploymentPostprocessing = 0;
		};
		F828093029BA599800613CAE /* Frameworks */ = {
			isa = PBXFrameworksBuildPhase;
			buildActionMask = 2147483647;
			files = (
			);
			runOnlyForDeploymentPostprocessing = 0;
		};
		F828093A29BA599800613CAE /* Frameworks */ = {
			isa = PBXFrameworksBuildPhase;
			buildActionMask = 2147483647;
			files = (
			);
			runOnlyForDeploymentPostprocessing = 0;
		};
/* End PBXFrameworksBuildPhase section */

/* Begin PBXGroup section */
		F828091429BA599500613CAE = {
			isa = PBXGroup;
			children = (
				F828091F29BA599500613CAE /* lab06_101303158 */,
				F828093629BA599800613CAE /* lab06_101303158Tests */,
				F828094029BA599800613CAE /* lab06_101303158UITests */,
				F828091E29BA599500613CAE /* Products */,
			);
			sourceTree = "<group>";
		};
		F828091E29BA599500613CAE /* Products */ = {
			isa = PBXGroup;
			children = (
				F828091D29BA599500613CAE /* lab06_101303158.app */,
				F828093329BA599800613CAE /* lab06_101303158Tests.xctest */,
				F828093D29BA599800613CAE /* lab06_101303158UITests.xctest */,
			);
			name = Products;
			sourceTree = "<group>";
		};
		F828091F29BA599500613CAE /* lab06_101303158 */ = {
			isa = PBXGroup;
			children = (
				F828092029BA599500613CAE /* AppDelegate.swift */,
				F828092229BA599500613CAE /* SceneDelegate.swift */,
				F828092429BA599500613CAE /* ViewController.swift */,
				F828092629BA599500613CAE /* Main.storyboard */,
				F828092929BA599800613CAE /* Assets.xcassets */,
				F828092B29BA599800613CAE /* LaunchScreen.storyboard */,
				F828092E29BA599800613CAE /* Info.plist */,
			);
			path = lab06_101303158;
			sourceTree = "<group>";
		};
		F828093629BA599800613CAE /* lab06_101303158Tests */ = {
			isa = PBXGroup;
			children = (
				F828093729BA599800613CAE /* lab06_101303158Tests.swift */,
			);
			path = lab06_101303158Tests;
			sourceTree = "<group>";
		};
		F828094029BA599800613CAE /* lab06_101303158UITests */ = {
			isa = PBXGroup;
			children = (
				F828094129BA599800613CAE /* lab06_101303158UITests.swift */,
				F828094329BA599800613CAE /* lab06_101303158UITestsLaunchTests.swift */,
			);
			path = lab06_101303158UITests;
			sourceTree = "<group>";
		};
/* End PBXGroup section */

/* Begin PBXNativeTarget section */
		F828091C29BA599500613CAE /* lab06_101303158 */ = {
			isa = PBXNativeTarget;
			buildConfigurationList = F828094729BA599800613CAE /* Build configuration list for PBXNativeTarget "lab06_101303158" */;
			buildPhases = (
				F828091929BA599500613CAE /* Sources */,
				F828091A29BA599500613CAE /* Frameworks */,
				F828091B29BA599500613CAE /* Resources */,
			);
			buildRules = (
			);
			dependencies = (
			);
			name = lab06_101303158;
			productName = lab06_101303158;
			productReference = F828091D29BA599500613CAE /* lab06_101303158.app */;
			productType = "com.apple.product-type.application";
		};
		F828093229BA599800613CAE /* lab06_101303158Tests */ = {
			isa = PBXNativeTarget;
			buildConfigurationList = F828094A29BA599800613CAE /* Build configuration list for PBXNativeTarget "lab06_101303158Tests" */;
			buildPhases = (
				F828092F29BA599800613CAE /* Sources */,
				F828093029BA599800613CAE /* Frameworks */,
				F828093129BA599800613CAE /* Resources */,
			);
			buildRules = (
			);
			dependencies = (
				F828093529BA599800613CAE /* PBXTargetDependency */,
			);
			name = lab06_101303158Tests;
			productName = lab06_101303158Tests;
			productReference = F828093329BA599800613CAE /* lab06_101303158Tests.xctest */;
			productType = "com.apple.product-type.bundle.unit-test";
		};
		F828093C29BA599800613CAE /* lab06_101303158UITests */ = {
			isa = PBXNativeTarget;
			buildConfigurationList = F828094D29BA599800613CAE /* Build configuration list for PBXNativeTarget "lab06_101303158UITests" */;
			buildPhases = (
				F828093929BA599800613CAE /* Sources */,
				F828093A29BA599800613CAE /* Frameworks */,
				F828093B29BA599800613CAE /* Resources */,
			);
			buildRules = (
			);
			dependencies = (
				F828093F29BA599800613CAE /* PBXTargetDependency */,
			);
			name = lab06_101303158UITests;
			productName = lab06_101303158UITests;
			productReference = F828093D29BA599800613CAE /* lab06_101303158UITests.xctest */;
			productType = "com.apple.product-type.bundle.ui-testing";
		};
/* End PBXNativeTarget section */

/* Begin PBXProject section */
		F828091529BA599500613CAE /* Project object */ = {
			isa = PBXProject;
			attributes = {
				BuildIndependentTargetsInParallel = 1;
				LastSwiftUpdateCheck = 1420;
				LastUpgradeCheck = 1420;
				TargetAttributes = {
					F828091C29BA599500613CAE = {
						CreatedOnToolsVersion = 14.2;
					};
					F828093229BA599800613CAE = {
						CreatedOnToolsVersion = 14.2;
						TestTargetID = F828091C29BA599500613CAE;
					};
					F828093C29BA599800613CAE = {
						CreatedOnToolsVersion = 14.2;
						TestTargetID = F828091C29BA599500613CAE;
					};
				};
			};
			buildConfigurationList = F828091829BA599500613CAE /* Build configuration list for PBXProject "lab06_101303158" */;
			compatibilityVersion = "Xcode 14.0";
			developmentRegion = en;
			hasScannedForEncodings = 0;
			knownRegions = (
				en,
				Base,
			);
			mainGroup = F828091429BA599500613CAE;
			productRefGroup = F828091E29BA599500613CAE /* Products */;
			projectDirPath = "";
			projectRoot = "";
			targets = (
				F828091C29BA599500613CAE /* lab06_101303158 */,
				F828093229BA599800613CAE /* lab06_101303158Tests */,
				F828093C29BA599800613CAE /* lab06_101303158UITests */,
			);
		};
/* End PBXProject section */

/* Begin PBXResourcesBuildPhase section */
		F828091B29BA599500613CAE /* Resources */ = {
			isa = PBXResourcesBuildPhase;
			buildActionMask = 2147483647;
			files = (
				F828092D29BA599800613CAE /* LaunchScreen.storyboard in Resources */,
				F828092A29BA599800613CAE /* Assets.xcassets in Resources */,
				F828092829BA599500613CAE /* Main.storyboard in Resources */,
			);
			runOnlyForDeploymentPostprocessing = 0;
		};
		F828093129BA599800613CAE /* Resources */ = {
			isa = PBXResourcesBuildPhase;
			buildActionMask = 2147483647;
			files = (
			);
			runOnlyForDeploymentPostprocessing = 0;
		};
		F828093B29BA599800613CAE /* Resources */ = {
			isa = PBXResourcesBuildPhase;
			buildActionMask = 2147483647;
			files = (
			);
			runOnlyForDeploymentPostprocessing = 0;
		};
/* End PBXResourcesBuildPhase section */

/* Begin PBXSourcesBuildPhase section */
		F828091929BA599500613CAE /* Sources */ = {
			isa = PBXSourcesBuildPhase;
			buildActionMask = 2147483647;
			files = (
				F828092529BA599500613CAE /* ViewController.swift in Sources */,
				F828092129BA599500613CAE /* AppDelegate.swift in Sources */,
				F828092329BA599500613CAE /* SceneDelegate.swift in Sources */,
			);
			runOnlyForDeploymentPostprocessing = 0;
		};
		F828092F29BA599800613CAE /* Sources */ = {
			isa = PBXSourcesBuildPhase;
			buildActionMask = 2147483647;
			files = (
				F828093829BA599800613CAE /* lab06_101303158Tests.swift in Sources */,
			);
			runOnlyForDeploymentPostprocessing = 0;
		};
		F828093929BA599800613CAE /* Sources */ = {
			isa = PBXSourcesBuildPhase;
			buildActionMask = 2147483647;
			files = (
				F828094229BA599800613CAE /* lab06_101303158UITests.swift in Sources */,
				F828094429BA599800613CAE /* lab06_101303158UITestsLaunchTests.swift in Sources */,
			);
			runOnlyForDeploymentPostprocessing = 0;
		};
/* End PBXSourcesBuildPhase section */

/* Begin PBXTargetDependency section */
		F828093529BA599800613CAE /* PBXTargetDependency */ = {
			isa = PBXTargetDependency;
			target = F828091C29BA599500613CAE /* lab06_101303158 */;
			targetProxy = F828093429BA599800613CAE /* PBXContainerItemProxy */;
		};
		F828093F29BA599800613CAE /* PBXTargetDependency */ = {
			isa = PBXTargetDependency;
			target = F828091C29BA599500613CAE /* lab06_101303158 */;
			targetProxy = F828093E29BA599800613CAE /* PBXContainerItemProxy */;
		};
/* End PBXTargetDependency section */

/* Begin PBXVariantGroup section */
		F828092629BA599500613CAE /* Main.storyboard */ = {
			isa = PBXVariantGroup;
			children = (
				F828092729BA599500613CAE /* Base */,
			);
			name = Main.storyboard;
			sourceTree = "<group>";
		};
		F828092B29BA599800613CAE /* LaunchScreen.storyboard */ = {
			isa = PBXVariantGroup;
			children = (
				F828092C29BA599800613CAE /* Base */,
			);
			name = LaunchScreen.storyboard;
			sourceTree = "<group>";
		};
/* End PBXVariantGroup section */

/* Begin XCBuildConfiguration section */
		F828094529BA599800613CAE /* Debug */ = {
			isa = XCBuildConfiguration;
			buildSettings = {
				ALWAYS_SEARCH_USER_PATHS = NO;
				CLANG_ANALYZER_NONNULL = YES;
				CLANG_ANALYZER_NUMBER_OBJECT_CONVERSION = YES_AGGRESSIVE;
				CLANG_CXX_LANGUAGE_STANDARD = "gnu++20";
				CLANG_ENABLE_MODULES = YES;
				CLANG_ENABLE_OBJC_ARC = YES;
				CLANG_ENABLE_OBJC_WEAK = YES;
				CLANG_WARN_BLOCK_CAPTURE_AUTORELEASING = YES;
				CLANG_WARN_BOOL_CONVERSION = YES;
				CLANG_WARN_COMMA = YES;
				CLANG_WARN_CONSTANT_CONVERSION = YES;
				CLANG_WARN_DEPRECATED_OBJC_IMPLEMENTATIONS = YES;
				CLANG_WARN_DIRECT_OBJC_ISA_USAGE = YES_ERROR;
				CLANG_WARN_DOCUMENTATION_COMMENTS = YES;
				CLANG_WARN_EMPTY_BODY = YES;
				CLANG_WARN_ENUM_CONVERSION = YES;
				CLANG_WARN_INFINITE_RECURSION = YES;
				CLANG_WARN_INT_CONVERSION = YES;
				CLANG_WARN_NON_LITERAL_NULL_CONVERSION = YES;
				CLANG_WARN_OBJC_IMPLICIT_RETAIN_SELF = YES;
				CLANG_WARN_OBJC_LITERAL_CONVERSION = YES;
				CLANG_WARN_OBJC_ROOT_CLASS = YES_ERROR;
				CLANG_WARN_QUOTED_INCLUDE_IN_FRAMEWORK_HEADER = YES;
				CLANG_WARN_RANGE_LOOP_ANALYSIS = YES;
				CLANG_WARN_STRICT_PROTOTYPES = YES;
				CLANG_WARN_SUSPICIOUS_MOVE = YES;
				CLANG_WARN_UNGUARDED_AVAILABILITY = YES_AGGRESSIVE;
				CLANG_WARN_UNREACHABLE_CODE = YES;
				CLANG_WARN__DUPLICATE_METHOD_MATCH = YES;
				COPY_PHASE_STRIP = NO;
				DEBUG_INFORMATION_FORMAT = dwarf;
				ENABLE_STRICT_OBJC_MSGSEND = YES;
				ENABLE_TESTABILITY = YES;
				GCC_C_LANGUAGE_STANDARD = gnu11;
				GCC_DYNAMIC_NO_PIC = NO;
				GCC_NO_COMMON_BLOCKS = YES;
				GCC_OPTIMIZATION_LEVEL = 0;
				GCC_PREPROCESSOR_DEFINITIONS = (
					"DEBUG=1",
					"$(inherited)",
				);
				GCC_WARN_64_TO_32_BIT_CONVERSION = YES;
				GCC_WARN_ABOUT_RETURN_TYPE = YES_ERROR;
				GCC_WARN_UNDECLARED_SELECTOR = YES;
				GCC_WARN_UNINITIALIZED_AUTOS = YES_AGGRESSIVE;
				GCC_WARN_UNUSED_FUNCTION = YES;
				GCC_WARN_UNUSED_VARIABLE = YES;
				IPHONEOS_DEPLOYMENT_TARGET = 16.2;
				MTL_ENABLE_DEBUG_INFO = INCLUDE_SOURCE;
				MTL_FAST_MATH = YES;
				ONLY_ACTIVE_ARCH = YES;
				SDKROOT = iphoneos;
				SWIFT_ACTIVE_COMPILATION_CONDITIONS = DEBUG;
				SWIFT_OPTIMIZATION_LEVEL = "-Onone";
			};
			name = Debug;
		};
		F828094629BA599800613CAE /* Release */ = {
			isa = XCBuildConfiguration;
			buildSettings = {
				ALWAYS_SEARCH_USER_PATHS = NO;
				CLANG_ANALYZER_NONNULL = YES;
				CLANG_ANALYZER_NUMBER_OBJECT_CONVERSION = YES_AGGRESSIVE;
				CLANG_CXX_LANGUAGE_STANDARD = "gnu++20";
				CLANG_ENABLE_MODULES = YES;
				CLANG_ENABLE_OBJC_ARC = YES;
				CLANG_ENABLE_OBJC_WEAK = YES;
				CLANG_WARN_BLOCK_CAPTURE_AUTORELEASING = YES;
				CLANG_WARN_BOOL_CONVERSION = YES;
				CLANG_WARN_COMMA = YES;
				CLANG_WARN_CONSTANT_CONVERSION = YES;
				CLANG_WARN_DEPRECATED_OBJC_IMPLEMENTATIONS = YES;
				CLANG_WARN_DIRECT_OBJC_ISA_USAGE = YES_ERROR;
				CLANG_WARN_DOCUMENTATION_COMMENTS = YES;
				CLANG_WARN_EMPTY_BODY = YES;
				CLANG_WARN_ENUM_CONVERSION = YES;
				CLANG_WARN_INFINITE_RECURSION = YES;
				CLANG_WARN_INT_CONVERSION = YES;
				CLANG_WARN_NON_LITERAL_NULL_CONVERSION = YES;
				CLANG_WARN_OBJC_IMPLICIT_RETAIN_SELF = YES;
				CLANG_WARN_OBJC_LITERAL_CONVERSION = YES;
				CLANG_WARN_OBJC_ROOT_CLASS = YES_ERROR;
				CLANG_WARN_QUOTED_INCLUDE_IN_FRAMEWORK_HEADER = YES;
				CLANG_WARN_RANGE_LOOP_ANALYSIS = YES;
				CLANG_WARN_STRICT_PROTOTYPES = YES;
				CLANG_WARN_SUSPICIOUS_MOVE = YES;
				CLANG_WARN_UNGUARDED_AVAILABILITY = YES_AGGRESSIVE;
				CLANG_WARN_UNREACHABLE_CODE = YES;
				CLANG_WARN__DUPLICATE_METHOD_MATCH = YES;
				COPY_PHASE_STRIP = NO;
				DEBUG_INFORMATION_FORMAT = "dwarf-with-dsym";
				ENABLE_NS_ASSERTIONS = NO;
				ENABLE_STRICT_OBJC_MSGSEND = YES;
				GCC_C_LANGUAGE_STANDARD = gnu11;
				GCC_NO_COMMON_BLOCKS = YES;
				GCC_WARN_64_TO_32_BIT_CONVERSION = YES;
				GCC_WARN_ABOUT_RETURN_TYPE = YES_ERROR;
				GCC_WARN_UNDECLARED_SELECTOR = YES;
				GCC_WARN_UNINITIALIZED_AUTOS = YES_AGGRESSIVE;
				GCC_WARN_UNUSED_FUNCTION = YES;
				GCC_WARN_UNUSED_VARIABLE = YES;
				IPHONEOS_DEPLOYMENT_TARGET = 16.2;
				MTL_ENABLE_DEBUG_INFO = NO;
				MTL_FAST_MATH = YES;
				SDKROOT = iphoneos;
				SWIFT_COMPILATION_MODE = wholemodule;
				SWIFT_OPTIMIZATION_LEVEL = "-O";
				VALIDATE_PRODUCT = YES;
			};
			name = Release;
		};
		F828094829BA599800613CAE /* Debug */ = {
			isa = XCBuildConfiguration;
			buildSettings = {
				ASSETCATALOG_COMPILER_APPICON_NAME = AppIcon;
				ASSETCATALOG_COMPILER_GLOBAL_ACCENT_COLOR_NAME = AccentColor;
				CODE_SIGN_STYLE = Automatic;
				CURRENT_PROJECT_VERSION = 1;
				GENERATE_INFOPLIST_FILE = YES;
				INFOPLIST_FILE = lab06_101303158/Info.plist;
				INFOPLIST_KEY_UIApplicationSupportsIndirectInputEvents = YES;
				INFOPLIST_KEY_UILaunchStoryboardName = LaunchScreen;
				INFOPLIST_KEY_UIMainStoryboardFile = Main;
				INFOPLIST_KEY_UISupportedInterfaceOrientations_iPad = "UIInterfaceOrientationPortrait UIInterfaceOrientationPortraitUpsideDown UIInterfaceOrientationLandscapeLeft UIInterfaceOrientationLandscapeRight";
				INFOPLIST_KEY_UISupportedInterfaceOrientations_iPhone = "UIInterfaceOrientationPortrait UIInterfaceOrientationLandscapeLeft UIInterfaceOrientationLandscapeRight";
				LD_RUNPATH_SEARCH_PATHS = (
					"$(inherited)",
					"@executable_path/Frameworks",
				);
				MARKETING_VERSION = 1.0;
				PRODUCT_BUNDLE_IDENTIFIER = "ca.gbc.comp3070.lab06-101303158";
				PRODUCT_NAME = "$(TARGET_NAME)";
				SWIFT_EMIT_LOC_STRINGS = YES;
				SWIFT_VERSION = 5.0;
				TARGETED_DEVICE_FAMILY = "1,2";
			};
			name = Debug;
		};
		F828094929BA599800613CAE /* Release */ = {
			isa = XCBuildConfiguration;
			buildSettings = {
				ASSETCATALOG_COMPILER_APPICON_NAME = AppIcon;
				ASSETCATALOG_COMPILER_GLOBAL_ACCENT_COLOR_NAME = AccentColor;
				CODE_SIGN_STYLE = Automatic;
				CURRENT_PROJECT_VERSION = 1;
				GENERATE_INFOPLIST_FILE = YES;
				INFOPLIST_FILE = lab06_101303158/Info.plist;
				INFOPLIST_KEY_UIApplicationSupportsIndirectInputEvents = YES;
				INFOPLIST_KEY_UILaunchStoryboardName = LaunchScreen;
				INFOPLIST_KEY_UIMainStoryboardFile = Main;
				INFOPLIST_KEY_UISupportedInterfaceOrientations_iPad = "UIInterfaceOrientationPortrait UIInterfaceOrientationPortraitUpsideDown UIInterfaceOrientationLandscapeLeft UIInterfaceOrientationLandscapeRight";
				INFOPLIST_KEY_UISupportedInterfaceOrientations_iPhone = "UIInterfaceOrientationPortrait UIInterfaceOrientationLandscapeLeft UIInterfaceOrientationLandscapeRight";
				LD_RUNPATH_SEARCH_PATHS = (
					"$(inherited)",
					"@executable_path/Frameworks",
				);
				MARKETING_VERSION = 1.0;
				PRODUCT_BUNDLE_IDENTIFIER = "ca.gbc.comp3070.lab06-101303158";
				PRODUCT_NAME = "$(TARGET_NAME)";
				SWIFT_EMIT_LOC_STRINGS = YES;
				SWIFT_VERSION = 5.0;
				TARGETED_DEVICE_FAMILY = "1,2";
			};
			name = Release;
		};
		F828094B29BA599800613CAE /* Debug */ = {
			isa = XCBuildConfiguration;
			buildSettings = {
				ALWAYS_EMBED_SWIFT_STANDARD_LIBRARIES = YES;
				BUNDLE_LOADER = "$(TEST_HOST)";
				CODE_SIGN_STYLE = Automatic;
				CURRENT_PROJECT_VERSION = 1;
				GENERATE_INFOPLIST_FILE = YES;
				IPHONEOS_DEPLOYMENT_TARGET = 16.2;
				MARKETING_VERSION = 1.0;
				PRODUCT_BUNDLE_IDENTIFIER = "ca.gbc.comp3070.lab06-101303158Tests";
				PRODUCT_NAME = "$(TARGET_NAME)";
				SWIFT_EMIT_LOC_STRINGS = NO;
				SWIFT_VERSION = 5.0;
				TARGETED_DEVICE_FAMILY = "1,2";
				TEST_HOST = "$(BUILT_PRODUCTS_DIR)/lab06_101303158.app/$(BUNDLE_EXECUTABLE_FOLDER_PATH)/lab06_101303158";
			};
			name = Debug;
		};
		F828094C29BA599800613CAE /* Release */ = {
			isa = XCBuildConfiguration;
			buildSettings = {
				ALWAYS_EMBED_SWIFT_STANDARD_LIBRARIES = YES;
				BUNDLE_LOADER = "$(TEST_HOST)";
				CODE_SIGN_STYLE = Automatic;
				CURRENT_PROJECT_VERSION = 1;
				GENERATE_INFOPLIST_FILE = YES;
				IPHONEOS_DEPLOYMENT_TARGET = 16.2;
				MARKETING_VERSION = 1.0;
				PRODUCT_BUNDLE_IDENTIFIER = "ca.gbc.comp3070.lab06-101303158Tests";
				PRODUCT_NAME = "$(TARGET_NAME)";
				SWIFT_EMIT_LOC_STRINGS = NO;
				SWIFT_VERSION = 5.0;
				TARGETED_DEVICE_FAMILY = "1,2";
				TEST_HOST = "$(BUILT_PRODUCTS_DIR)/lab06_101303158.app/$(BUNDLE_EXECUTABLE_FOLDER_PATH)/lab06_101303158";
			};
			name = Release;
		};
		F828094E29BA599800613CAE /* Debug */ = {
			isa = XCBuildConfiguration;
			buildSettings = {
				ALWAYS_EMBED_SWIFT_STANDARD_LIBRARIES = YES;
				CODE_SIGN_STYLE = Automatic;
				CURRENT_PROJECT_VERSION = 1;
				GENERATE_INFOPLIST_FILE = YES;
				MARKETING_VERSION = 1.0;
				PRODUCT_BUNDLE_IDENTIFIER = "ca.gbc.comp3070.lab06-101303158UITests";
				PRODUCT_NAME = "$(TARGET_NAME)";
				SWIFT_EMIT_LOC_STRINGS = NO;
				SWIFT_VERSION = 5.0;
				TARGETED_DEVICE_FAMILY = "1,2";
				TEST_TARGET_NAME = lab06_101303158;
			};
			name = Debug;
		};
		F828094F29BA599800613CAE /* Release */ = {
			isa = XCBuildConfiguration;
			buildSettings = {
				ALWAYS_EMBED_SWIFT_STANDARD_LIBRARIES = YES;
				CODE_SIGN_STYLE = Automatic;
				CURRENT_PROJECT_VERSION = 1;
				GENERATE_INFOPLIST_FILE = YES;
				MARKETING_VERSION = 1.0;
				PRODUCT_BUNDLE_IDENTIFIER = "ca.gbc.comp3070.lab06-101303158UITests";
				PRODUCT_NAME = "$(TARGET_NAME)";
				SWIFT_EMIT_LOC_STRINGS = NO;
				SWIFT_VERSION = 5.0;
				TARGETED_DEVICE_FAMILY = "1,2";
				TEST_TARGET_NAME = lab06_101303158;
			};
			name = Release;
		};
/* End XCBuildConfiguration section */

/* Begin XCConfigurationList section */
		F828091829BA599500613CAE /* Build configuration list for PBXProject "lab06_101303158" */ = {
			isa = XCConfigurationList;
			buildConfigurations = (
				F828094529BA599800613CAE /* Debug */,
				F828094629BA599800613CAE /* Release */,
			);
			defaultConfigurationIsVisible = 0;
			defaultConfigurationName = Release;
		};
		F828094729BA599800613CAE /* Build configuration list for PBXNativeTarget "lab06_101303158" */ = {
			isa = XCConfigurationList;
			buildConfigurations = (
				F828094829BA599800613CAE /* Debug */,
				F828094929BA599800613CAE /* Release */,
			);
			defaultConfigurationIsVisible = 0;
			defaultConfigurationName = Release;
		};
		F828094A29BA599800613CAE /* Build configuration list for PBXNativeTarget "lab06_101303158Tests" */ = {
			isa = XCConfigurationList;
			buildConfigurations = (
				F828094B29BA599800613CAE /* Debug */,
				F828094C29BA599800613CAE /* Release */,
			);
			defaultConfigurationIsVisible = 0;
			defaultConfigurationName = Release;
		};
		F828094D29BA599800613CAE /* Build configuration list for PBXNativeTarget "lab06_101303158UITests" */ = {
			isa = XCConfigurationList;
			buildConfigurations = (
				F828094E29BA599800613CAE /* Debug */,
				F828094F29BA599800613CAE /* Release */,
			);
			defaultConfigurationIsVisible = 0;
			defaultConfigurationName = Release;
		};
/* End XCConfigurationList section */
	};
	rootObject = F828091529BA599500613CAE /* Project object */;
}
